<?xml version="1.0" encoding="utf-8"?>
<Project ToolsVersion="4.0" xmlns="http://schemas.microsoft.com/developer/msbuild/2003">
  <ItemGroup>
    <Filter Include="Source Files">
      <UniqueIdentifier>{4FC737F1-C7A5-4376-A066-2A32D752A2FF}</UniqueIdentifier>
      <Extensions>cpp;c;cc;cxx;def;odl;idl;hpj;bat;asm;asmx</Extensions>
    </Filter>
    <Filter Include="Source Files\core">
      <UniqueIdentifier>{a4fe4cba-5f04-472e-87d5-fb0cbcc313d7}</UniqueIdentifier>
    </Filter>
    <Filter Include="Source Files\Extern">
      <UniqueIdentifier>{94660955-f073-450c-87f5-6174b5aac02e}</UniqueIdentifier>
    </Filter>
    <Filter Include="Source Files\Utils">
      <UniqueIdentifier>{a3354a91-a089-4784-9e98-b1617b7a5f89}</UniqueIdentifier>
    </Filter>
    <Filter Include="Header Files">
      <UniqueIdentifier>{93995380-89BD-4b04-88EB-625FBE52EBFB}</UniqueIdentifier>
      <Extensions>h;hpp;hxx;hm;inl;inc;xsd</Extensions>
    </Filter>
    <Filter Include="Header Files\core">
      <UniqueIdentifier>{b7c22ae7-73ce-4072-af9f-607021db7af5}</UniqueIdentifier>
    </Filter>
    <Filter Include="Header Files\Extern">
      <UniqueIdentifier>{9fed9165-19fd-4ee8-8946-77cf85b9c108}</UniqueIdentifier>
    </Filter>
    <Filter Include="Header Files\Utils">
      <UniqueIdentifier>{93e19036-a15d-4672-83fa-12d0ebb0a68a}</UniqueIdentifier>
    </Filter>
    <Filter Include="Resource Files">
      <UniqueIdentifier>{67DA6AB6-F800-4c08-8B7A-83BB121AAD01}</UniqueIdentifier>
      <Extensions>rc;ico;cur;bmp;dlg;rc2;rct;bin;rgs;gif;jpg;jpeg;jpe;resx;tiff;tif;png;wav</Extensions>
    </Filter>
    <Filter Include="Header Files\Visualization">
      <UniqueIdentifier>{370042bd-6f54-45bf-8069-83a2b9028c6e}</UniqueIdentifier>
    </Filter>
    <Filter Include="Source Files\Visualization">
      <UniqueIdentifier>{7780f969-6c56-4ad7-bc5f-563f9d44a9b4}</UniqueIdentifier>
    </Filter>
    <Filter Include="Source Files\Addons">
      <UniqueIdentifier>{f567b94d-bfb9-419b-a86f-71d30d31ca80}</UniqueIdentifier>
    </Filter>
    <Filter Include="Source Files\Addons\structures">
      <UniqueIdentifier>{b817278c-ec1b-4a83-b3c8-0cab11207006}</UniqueIdentifier>
    </Filter>
    <Filter Include="Header Files\Addons">
      <UniqueIdentifier>{f272a274-77b0-47ff-a36f-5059eea0bc62}</UniqueIdentifier>
    </Filter>
    <Filter Include="Header Files\Addons\structures">
      <UniqueIdentifier>{269bc2ca-57e3-47e0-a0d2-bc93f2ca062f}</UniqueIdentifier>
    </Filter>
  </ItemGroup>
  <ItemGroup>
    <ClCompile Include="..\Resources\libcsv-3.0.0\libcsv.c">
      <Filter>Source Files\Extern</Filter>
    </ClCompile>
    <ClCompile Include="Utils\DataSources.cpp">
      <Filter>Source Files\Utils</Filter>
    </ClCompile>
    <ClCompile Include="Core\Meter.cpp">
      <Filter>Source Files\core</Filter>
    </ClCompile>
    <ClCompile Include="Core\MPIDistribution.cpp">
      <Filter>Source Files\core</Filter>
    </ClCompile>
    <ClCompile Include="Core\Network.cpp">
      <Filter>Source Files\core</Filter>
    </ClCompile>
    <ClCompile Include="Core\NetworkUnits.cpp">
      <Filter>Source Files\core</Filter>
    </ClCompile>
    <ClCompile Include="Core\NetworkUnitsIF.cpp">
      <Filter>Source Files\core</Filter>
    </ClCompile>
    <ClCompile Include="Addons\NetworkAdaptation.cpp">
      <Filter>Source Files\Addons</Filter>
    </ClCompile>
    <ClCompile Include="Addons\NetworkAdaptation2.cpp">
      <Filter>Source Files\Addons</Filter>
    </ClCompile>
    <ClCompile Include="Addons\NetworkBCM.cpp">
      <Filter>Source Files\Addons</Filter>
    </ClCompile>
    <ClCompile Include="Addons\NetworkBCPNN.cpp">
      <Filter>Source Files\Addons</Filter>
    </ClCompile>
    <ClCompile Include="Addons\NetworkCL.cpp">
      <Filter>Source Files\Addons</Filter>
    </ClCompile>
    <ClCompile Include="Addons\NetworkCorr.cpp">
      <Filter>Source Files\Addons</Filter>
    </ClCompile>
    <ClCompile Include="Addons\NetworkFoldiak.cpp">
      <Filter>Source Files\Addons</Filter>
    </ClCompile>
    <ClCompile Include="Addons\NetworkHebbSimple.cpp">
      <Filter>Source Files\Addons</Filter>
    </ClCompile>
    <ClCompile Include="Addons\NetworkKussul.cpp">
      <Filter>Source Files\Addons</Filter>
    </ClCompile>
    <ClCompile Include="Addons\NetworkMDS.cpp">
      <Filter>Source Files\Addons</Filter>
    </ClCompile>
    <ClCompile Include="Addons\NetworkMI.cpp">
      <Filter>Source Files\Addons</Filter>
    </ClCompile>
    <ClCompile Include="Addons\NetworkSanger.cpp">
      <Filter>Source Files\Addons</Filter>
    </ClCompile>
    <ClCompile Include="Addons\NetworkSTDP.cpp">
      <Filter>Source Files\Addons</Filter>
    </ClCompile>
    <ClCompile Include="Addons\NetworkTriesch.cpp">
      <Filter>Source Files\Addons</Filter>
    </ClCompile>
    <ClCompile Include="Addons\NetworkVQ.cpp">
      <Filter>Source Files\Addons</Filter>
    </ClCompile>
    <ClCompile Include="Addons\StructureReTIDe.cpp">
      <Filter>Source Files\Addons\structures</Filter>
    </ClCompile>
    <ClCompile Include="Addons\StructureMIMDSVQ.cpp">
      <Filter>Source Files\Addons\structures</Filter>
    </ClCompile>
    <ClCompile Include="Utils\Storage.cpp">
      <Filter>Source Files\Utils</Filter>
    </ClCompile>
    <ClCompile Include="Core\Analysis.cpp">
      <Filter>Source Files\core</Filter>
    </ClCompile>
    <ClCompile Include="Addons\NetworkAdThreshold.cpp">
      <Filter>Source Files\Addons</Filter>
    </ClCompile>
    <ClCompile Include="Visualization\stubs.cpp">
      <Filter>Source Files\Visualization</Filter>
    </ClCompile>
    <ClCompile Include="Core\Visualization.cpp">
      <Filter>Source Files\core</Filter>
    </ClCompile>
    <ClCompile Include="Core\NetworkParameters.cpp">
      <Filter>Source Files\core</Filter>
    </ClCompile>
    <ClCompile Include="Addons\NetworkDepression.cpp">
      <Filter>Source Files\Addons</Filter>
    </ClCompile>
    <ClCompile Include="Core\NetworkPopulation.cpp">
      <Filter>Source Files\core</Filter>
    </ClCompile>
    <ClCompile Include="Core\NetworkPopulationModifier.cpp">
      <Filter>Source Files\core</Filter>
    </ClCompile>
    <ClCompile Include="Core\NetworkUnitModifier.cpp">
      <Filter>Source Files\core</Filter>
    </ClCompile>
    <ClCompile Include="Core\NetworkTransferFunctions.cpp">
      <Filter>Source Files\core</Filter>
    </ClCompile>
    <ClCompile Include="Core\NetworkProjectionModifier.cpp">
      <Filter>Source Files\core</Filter>
    </ClCompile>
    <ClCompile Include="Core\NetworkProjections.cpp">
      <Filter>Source Files\core</Filter>
    </ClCompile>
    <ClCompile Include="Core\NetworkProjectionDynamic.cpp">
      <Filter>Source Files\core</Filter>
    </ClCompile>
  </ItemGroup>
  <ItemGroup>
    <ClInclude Include="..\Resources\libcsv-3.0.0\csv.h">
      <Filter>Header Files\Extern</Filter>
    </ClInclude>
    <ClInclude Include="Utils\DataSources.h">
      <Filter>Header Files\Utils</Filter>
    </ClInclude>
    <ClInclude Include="Utils\Storage.h">
      <Filter>Header Files\Utils</Filter>
    </ClInclude>
    <ClInclude Include="Core\Meter.h">
      <Filter>Header Files\core</Filter>
    </ClInclude>
    <ClInclude Include="Core\MPIDistribution.h">
      <Filter>Header Files\core</Filter>
    </ClInclude>
    <ClInclude Include="Core\Network.h">
      <Filter>Header Files\core</Filter>
    </ClInclude>
    <ClInclude Include="Core\NetworkObject.h">
      <Filter>Header Files\core</Filter>
    </ClInclude>
    <ClInclude Include="Core\NetworkStructure.h">
      <Filter>Header Files\core</Filter>
    </ClInclude>
    <ClInclude Include="Core\NetworkUnits.h">
      <Filter>Header Files\core</Filter>
    </ClInclude>
    <ClInclude Include="Core\NetworkUnitsIF.h">
      <Filter>Header Files\core</Filter>
    </ClInclude>
    <ClInclude Include="Core\States.h">
      <Filter>Header Files\core</Filter>
    </ClInclude>
    <ClInclude Include="Addons\NetworkAdaptation.h">
      <Filter>Header Files\Addons</Filter>
    </ClInclude>
    <ClInclude Include="Addons\NetworkAdaptation2.h">
      <Filter>Header Files\Addons</Filter>
    </ClInclude>
    <ClInclude Include="Addons\NetworkBCM.h">
      <Filter>Header Files\Addons</Filter>
    </ClInclude>
    <ClInclude Include="Addons\NetworkBCPNN.h">
      <Filter>Header Files\Addons</Filter>
    </ClInclude>
    <ClInclude Include="Addons\NetworkCL.h">
      <Filter>Header Files\Addons</Filter>
    </ClInclude>
    <ClInclude Include="Addons\NetworkCorr.h">
      <Filter>Header Files\Addons</Filter>
    </ClInclude>
    <ClInclude Include="Addons\NetworkFoldiak.h">
      <Filter>Header Files\Addons</Filter>
    </ClInclude>
    <ClInclude Include="Addons\NetworkHebbSimple.h">
      <Filter>Header Files\Addons</Filter>
    </ClInclude>
    <ClInclude Include="Addons\NetworkKussul.h">
      <Filter>Header Files\Addons</Filter>
    </ClInclude>
    <ClInclude Include="Addons\NetworkMDS.h">
      <Filter>Header Files\Addons</Filter>
    </ClInclude>
    <ClInclude Include="Addons\NetworkMI.h">
      <Filter>Header Files\Addons</Filter>
    </ClInclude>
    <ClInclude Include="Addons\NetworkSanger.h">
      <Filter>Header Files\Addons</Filter>
    </ClInclude>
    <ClInclude Include="Addons\NetworkSTDP.h">
      <Filter>Header Files\Addons</Filter>
    </ClInclude>
    <ClInclude Include="Addons\NetworkTriesch.h">
      <Filter>Header Files\Addons</Filter>
    </ClInclude>
    <ClInclude Include="Addons\NetworkVQ.h">
      <Filter>Header Files\Addons</Filter>
    </ClInclude>
    <ClInclude Include="Addons\StructureReTIDe.h">
      <Filter>Header Files\Addons\structures</Filter>
    </ClInclude>
    <ClInclude Include="Addons\StructureMIMDSVQ.h">
      <Filter>Header Files\Addons\structures</Filter>
    </ClInclude>
    <ClInclude Include="Core\Analysis.h">
      <Filter>Header Files\core</Filter>
    </ClInclude>
    <ClInclude Include="Addons\NetworkAdThreshold.h">
      <Filter>Header Files\Addons</Filter>
    </ClInclude>
    <ClInclude Include="Visualization\stubs.h">
      <Filter>Header Files\Visualization</Filter>
    </ClInclude>
    <ClInclude Include="Core\Visualization.h">
      <Filter>Header Files\core</Filter>
    </ClInclude>
    <ClInclude Include="Core\NetworkParameters.h">
      <Filter>Header Files\core</Filter>
    </ClInclude>
    <ClInclude Include="Addons\NetworkDepression.h">
      <Filter>Header Files\Addons</Filter>
    </ClInclude>
    <ClInclude Include="Core\NetworkPopulation.h">
      <Filter>Header Files\core</Filter>
    </ClInclude>
    <ClInclude Include="Core\NetworkPopulationModifier.h">
      <Filter>Header Files\core</Filter>
    </ClInclude>
    <ClInclude Include="Core\NetworkUnitModifier.h">
      <Filter>Header Files\core</Filter>
    </ClInclude>
    <ClInclude Include="Core\NetworkTransferFunctions.h">
      <Filter>Header Files\core</Filter>
    </ClInclude>
    <ClInclude Include="Core\NetworkProjectionModifier.h">
      <Filter>Header Files\core</Filter>
    </ClInclude>
    <ClInclude Include="Core\NetworkProjections.h">
      <Filter>Header Files\core</Filter>
    </ClInclude>
    <ClInclude Include="Core\NetworkProjectionDynamic.h">
      <Filter>Header Files\core</Filter>
    </ClInclude>
  </ItemGroup>
</Project>