<?xml version="1.0" encoding="utf-8"?>
<Project ToolsVersion="4.0" xmlns="http://schemas.microsoft.com/developer/msbuild/2003">
  <ItemGroup>
    <Filter Include="Header Files">
      <UniqueIdentifier>{93995380-89BD-4b04-88EB-625FBE52EBFB}</UniqueIdentifier>
      <Extensions>h;hpp;hxx;hm;inl;inc;xsd</Extensions>
    </Filter>
    <Filter Include="Source Files">
      <UniqueIdentifier>{67DA6AB6-F800-4c08-8B7A-83BB121AAD01}</UniqueIdentifier>
      <Extensions>rc;ico;cur;bmp;dlg;rc2;rct;bin;rgs;gif;jpg;jpeg;jpe;resx;tiff;tif;png;wav</Extensions>
    </Filter>
  </ItemGroup>
  <ItemGroup>
    <ClInclude Include="..\Projects\NetworkBiorep.h">
      <Filter>Header Files</Filter>
    </ClInclude>
    <ClInclude Include="NetworkIFTests.h">
      <Filter>Header Files</Filter>
    </ClInclude>
    <ClInclude Include="..\Projects\NetworkMNIST.h">
      <Filter>Header Files</Filter>
    </ClInclude>
    <ClInclude Include="..\Projects\NetworkOlfaction.h">
      <Filter>Header Files</Filter>
    </ClInclude>
    <ClInclude Include="..\Projects\NetworkSetupConns.h">
      <Filter>Header Files</Filter>
    </ClInclude>
    <ClInclude Include="NetworkTests.h">
      <Filter>Header Files</Filter>
    </ClInclude>
    <ClInclude Include="..\Projects\NetworkTopDownDecorr.h">
      <Filter>Header Files</Filter>
    </ClInclude>
    <ClInclude Include="..\Projects\NetworkSensorDrift.h">
      <Filter>Header Files</Filter>
    </ClInclude>
    <ClInclude Include="..\Projects\OlfactionSystem.h">
      <Filter>Header Files</Filter>
    </ClInclude>
    <ClInclude Include="..\Projects\NetworkOlfactionScenariosClassification.h">
      <Filter>Header Files</Filter>
    </ClInclude>
    <ClInclude Include="..\Projects\NetworkOlfactionScenariosTemplate.h">
      <Filter>Header Files</Filter>
    </ClInclude>
    <ClInclude Include="NetworkOlfactionScenariosClassification_PH.h">
      <Filter>Header Files</Filter>
    </ClInclude>
    <ClInclude Include="..\Projects\NetworkScalingDemos.h">
      <Filter>Header Files</Filter>
    </ClInclude>
    <ClInclude Include="D:\Databases\Olfaction\Bernhard\ob_output\ob_output\NetworkOlfaction_BK.h">
      <Filter>Header Files</Filter>
    </ClInclude>
    <ClInclude Include="..\Projects\NetworkArithmetic.h">
      <Filter>Header Files</Filter>
    </ClInclude>
    <ClInclude Include="..\Projects\NetworkDemoVis0.h">
      <Filter>Header Files</Filter>
    </ClInclude>
    <ClInclude Include="..\Projects\NetworkDemoVis1.h">
      <Filter>Header Files</Filter>
    </ClInclude>
    <ClInclude Include="NetworkUnitTests.h">
      <Filter>Header Files</Filter>
    </ClInclude>
    <ClInclude Include="..\Projects\Shapes.h">
      <Filter>Header Files</Filter>
    </ClInclude>
  </ItemGroup>
  <ItemGroup>
    <ClCompile Include="..\Projects\NetworkBiorep.cpp">
      <Filter>Source Files</Filter>
    </ClCompile>
    <ClCompile Include="..\Projects\NetworkMNIST.cpp">
      <Filter>Source Files</Filter>
    </ClCompile>
    <ClCompile Include="..\Projects\NetworkOlfaction.cpp">
      <Filter>Source Files</Filter>
    </ClCompile>
    <ClCompile Include="..\Projects\NetworkOlfactionConcInv.cpp">
      <Filter>Source Files</Filter>
    </ClCompile>
    <ClCompile Include="..\Projects\NetworkOlfactionMixtures.cpp">
      <Filter>Source Files</Filter>
    </ClCompile>
    <ClCompile Include="..\Projects\NetworkSetupConns.cpp">
      <Filter>Source Files</Filter>
    </ClCompile>
    <ClCompile Include="..\Projects\NetworkTopDownDecorr.cpp">
      <Filter>Source Files</Filter>
    </ClCompile>
    <ClCompile Include="NetworkIFTests.cpp">
      <Filter>Source Files</Filter>
    </ClCompile>
    <ClCompile Include="NetworkTests.cpp">
      <Filter>Source Files</Filter>
    </ClCompile>
    <ClCompile Include="..\Projects\NetworkSensorDrift.cpp">
      <Filter>Source Files</Filter>
    </ClCompile>
    <ClCompile Include="..\Projects\main.cpp">
      <Filter>Source Files</Filter>
    </ClCompile>
    <ClCompile Include="..\Projects\OlfactionSystem.cpp">
      <Filter>Source Files</Filter>
    </ClCompile>
    <ClCompile Include="..\Projects\NetworkOlfactionScenariosClassification.cpp">
      <Filter>Source Files</Filter>
    </ClCompile>
    <ClCompile Include="..\Projects\NetworkOlfactionScenariosTemplate.cpp">
      <Filter>Source Files</Filter>
    </ClCompile>
    <ClCompile Include="NetworkOlfactionScenariosClassification_PH.cpp">
      <Filter>Source Files</Filter>
    </ClCompile>
    <ClCompile Include="..\Projects\NetworkScalingDemos.cpp">
      <Filter>Source Files</Filter>
    </ClCompile>
    <ClCompile Include="D:\Databases\Olfaction\Bernhard\ob_output\ob_output\NetworkOlfaction_BK.cpp">
      <Filter>Source Files</Filter>
    </ClCompile>
    <ClCompile Include="..\Projects\NetworkArithmetic.cpp">
      <Filter>Source Files</Filter>
    </ClCompile>
    <ClCompile Include="..\Projects\NetworkDemoVis0.cpp">
      <Filter>Source Files</Filter>
    </ClCompile>
    <ClCompile Include="..\Projects\NetworkDemoVis1.cpp">
      <Filter>Source Files</Filter>
    </ClCompile>
    <ClCompile Include="NetworkUnitTests.cpp">
      <Filter>Source Files</Filter>
    </ClCompile>
    <ClCompile Include="..\Projects\Shapes.cpp">
      <Filter>Source Files</Filter>
    </ClCompile>
  </ItemGroup>
</Project>